
Microsoft Visual Studio Solution File, Format Version 12.00
# Visual Studio Version 16
VisualStudioVersion = 16.0.29503.13
MinimumVisualStudioVersion = 10.0.40219.1
Project("{9A19103F-16F7-4668-BE54-9A1E7A4F7556}") = "GZipTest", "..\src\GZipTest\GZipTest.csproj", "{F3E5B26E-23AC-4020-A08D-2A4B7350226A}"
EndProject
Project("{2150E333-8FDC-42A3-9474-1A3956D46DE8}") = "Tests", "Tests", "{DB6D3839-2EEA-4713-B731-2430AD224FE8}"
EndProject
Project("{9A19103F-16F7-4668-BE54-9A1E7A4F7556}") = "GZipTest.Workflow", "..\src\GZipTest.Workflow\GZipTest.Workflow.csproj", "{BB3D37EB-7DA3-477A-ACA8-6CF018D54C02}"
EndProject
Project("{9A19103F-16F7-4668-BE54-9A1E7A4F7556}") = "GZipTest.Workflow.Tests", "..\tests\GZipTest.Workflow.Tests\GZipTest.Workflow.Tests.csproj", "{A05197E7-CFBA-4E43-8E05-7FE0593B9AF4}"
EndProject
Project("{FAE04EC0-301F-11D3-BF4B-00C04F79EFBC}") = "GZipTest.IO", "..\src\GZipTest.IO\GZipTest.IO.csproj", "{9D8F7123-DFF1-43A6-AA09-40900771DFAE}"
EndProject
Global
	GlobalSection(SolutionConfigurationPlatforms) = preSolution
		Debug|Any CPU = Debug|Any CPU
		Release|Any CPU = Release|Any CPU
	EndGlobalSection
	GlobalSection(ProjectConfigurationPlatforms) = postSolution
		{F3E5B26E-23AC-4020-A08D-2A4B7350226A}.Debug|Any CPU.ActiveCfg = Debug|Any CPU
		{F3E5B26E-23AC-4020-A08D-2A4B7350226A}.Debug|Any CPU.Build.0 = Debug|Any CPU
		{F3E5B26E-23AC-4020-A08D-2A4B7350226A}.Release|Any CPU.ActiveCfg = Release|Any CPU
		{F3E5B26E-23AC-4020-A08D-2A4B7350226A}.Release|Any CPU.Build.0 = Release|Any CPU
		{BB3D37EB-7DA3-477A-ACA8-6CF018D54C02}.Debug|Any CPU.ActiveCfg = Debug|Any CPU
		{BB3D37EB-7DA3-477A-ACA8-6CF018D54C02}.Debug|Any CPU.Build.0 = Debug|Any CPU
		{BB3D37EB-7DA3-477A-ACA8-6CF018D54C02}.Release|Any CPU.ActiveCfg = Release|Any CPU
		{BB3D37EB-7DA3-477A-ACA8-6CF018D54C02}.Release|Any CPU.Build.0 = Release|Any CPU
		{A05197E7-CFBA-4E43-8E05-7FE0593B9AF4}.Debug|Any CPU.ActiveCfg = Debug|Any CPU
		{A05197E7-CFBA-4E43-8E05-7FE0593B9AF4}.Debug|Any CPU.Build.0 = Debug|Any CPU
		{A05197E7-CFBA-4E43-8E05-7FE0593B9AF4}.Release|Any CPU.ActiveCfg = Release|Any CPU
		{A05197E7-CFBA-4E43-8E05-7FE0593B9AF4}.Release|Any CPU.Build.0 = Release|Any CPU
		{9D8F7123-DFF1-43A6-AA09-40900771DFAE}.Debug|Any CPU.ActiveCfg = Debug|Any CPU
		{9D8F7123-DFF1-43A6-AA09-40900771DFAE}.Debug|Any CPU.Build.0 = Debug|Any CPU
		{9D8F7123-DFF1-43A6-AA09-40900771DFAE}.Release|Any CPU.ActiveCfg = Release|Any CPU
		{9D8F7123-DFF1-43A6-AA09-40900771DFAE}.Release|Any CPU.Build.0 = Release|Any CPU
	EndGlobalSection
	GlobalSection(SolutionProperties) = preSolution
		HideSolutionNode = FALSE
	EndGlobalSection
	GlobalSection(NestedProjects) = preSolution
		{A05197E7-CFBA-4E43-8E05-7FE0593B9AF4} = {DB6D3839-2EEA-4713-B731-2430AD224FE8}
	EndGlobalSection
	GlobalSection(ExtensibilityGlobals) = postSolution
		SolutionGuid = {57E5F1DC-912A-45A5-B635-3B0ECCD75AF7}
	EndGlobalSection
EndGlobal
